# This file is @generated by PDM.
# It is not intended for manual editing.

[metadata]
groups = ["default"]
strategy = ["inherit_metadata"]
lock_version = "4.5.1"
content_hash = "sha256:5e6d50bfc831c55f5be5ceed59c87c452d610f69597e507f7595301ee8d3b89d"

[[metadata.targets]]
requires_python = "==3.14"

[[package]]
name = "annotated-doc"
version = "0.0.5"
requires_python = ">=3.9"
summary = "Document parameters, class attributes, return types, and variables inline, with Annotated."
groups = ["default"]
marker = "python_version == \"3.14\""
files = [
    {file = "annotated_doc-0.0.5-py3-none-any.whl", hash = "sha256:117bac03a25ede5df5440e855b32d556049ca169ead221505badf432fed4b101"},
    {file = "annotated_doc-0.0.5.tar.gz", hash = "sha256:c7e58ce09192557605d8bbd92836d7e1d520ac9580096042c0bfd197efacf1bb"},
]

[[package]]
name = "annotated-types"
version = "0.8.0"
requires_python = ">=3.10"
summary = "Reusable constraint types to use with typing.Annotated"
groups = ["default"]
marker = "python_version == \"3.14\""
files = [
    {file = "annotated_types-0.8.0-py3-none-any.whl", hash = "sha256:f072f4d804ea359e4eaf198b1af7a8b0943881a87f31bb764f8bf219bb9419e0"},
    {file = "annotated_types-0.8.0.tar.gz", hash = "sha256:13b2beaad985e05e2d6407ee4c4f35590b11f8d693a258a561055cac8f64cab7"},
]

[[package]]
name = "anyio"
version = "4.15.1"
requires_python = ">=3.10"
summary = "High-level concurrency and networking framework on top of asyncio or Trio"
groups = ["default"]
marker = "python_version == \"3.14\""
dependencies = [
    "exceptiongroup>=1.0.2; python_version < \"3.11\"",
    "idna>=2.8",
    "typing-extensions>=4.16.0; python_version < \"3.15\"",
]
files = [
    {file = "anyio-4.15.1-py3-none-any.whl", hash = "sha256:6152fdbbf9a77fdec97731721bebf7c4c44f7c29b424b0065826173efc7ed101"},
    {file = "anyio-4.15.1.tar.gz", hash = "sha256:9f28306018cbd6d329e64a36d58256edff76dd996fe423bc957326e578b82a94"},
]

[[package]]
name = "click"
version = "8.5.0"
requires_python = ">=3.10"
summary = "Composable command line interface toolkit"
groups = ["default"]
marker = "python_version == \"3.14\""
files = [
    {file = "click-8.5.0-py3-none-any.whl", hash = "sha256:255bc9599cf7748b4b1a446ccc735421bd08a2ae529a8b88597d3de5664ee360"},
    {file = "click-8.5.0.tar.gz", hash = "sha256:ba0d2089de75ea0310e2dde03160e6ca10009947fb95a182f9b54021bb272e34"},
]

[[package]]
name = "colorama"
version = "0.4.6"
requires_python = "!=3.0.*,!=3.1.*,!=3.2.*,!=3.3.*,!=3.4.*,!=3.5.*,!=3.6.*,>=2.7"
summary = "Cross-platform colored terminal text."
groups = ["default"]
marker = "platform_system == \"Windows\" and python_version == \"3.14\""
files = [
    {file = "colorama-0.4.6-py2.py3-none-any.whl", hash = "sha256:4f1d9991f5acc0ca119f9d443620b77f9d6b33703e51011c16baf57afb285fc6"},
    {file = "colorama-0.4.6.tar.gz", hash = "sha256:08695f5cb7ed6e0531a20572697297273c47b8cae5a63ffc6d6ed5c201be6e44"},
]

[[package]]
name = "faiss-cpu"
version = "1.15.1"
requires_python = ">=3.10"
summary = "A library for efficient similarity search and clustering of dense vectors."
groups = ["default"]
marker = "python_version == \"3.14\""
dependencies = [
    "numpy>=1.25",
    "packaging",
]
files = [
    {file = "faiss_cpu-1.15.1-cp310-abi3-macosx_14_0_arm64.whl", hash = "sha256:ea9e12d540ca8ac0347b831d034c0f6d7ff5eed20523a247db44b3543ad2aad4"},
    {file = "faiss_cpu-1.15.1-cp310-abi3-macosx_15_0_x86_64.whl", hash = "sha256:f52e727992ce86a783f61657f0c4f3498a235883083b982ba1be49d05f924450"},
    {file = "faiss_cpu-1.15.1-cp310-abi3-manylinux_2_27_aarch64.manylinux_2_28_aarch64.whl", hash = "sha256:ffa71b14b3090bc076f8b026554178868fdbfe2f26fe644da629405836369039"},
    {file = "faiss_cpu-1.15.1-cp310-abi3-manylinux_2_27_x86_64.manylinux_2_28_x86_64.whl", hash = "sha256:f2c31b7f2f6647eb76829a5cfe3c398fb9346df9f26b1d4db35269c91eb58c33"},
    {file = "faiss_cpu-1.15.1-cp310-abi3-musllinux_1_2_aarch64.whl", hash = "sha256:2d0a59d8ee9ffcac34608f591d16b617d9056e12a26a8b8cf0015b6b334e33e1"},
    {file = "faiss_cpu-1.15.1-cp310-abi3-musllinux_1_2_x86_64.whl", hash = "sha256:d4a250000112ac26ae79530e67a18fa986c8b7b0329154aefeb7692b270ed366"},
    {file = "faiss_cpu-1.15.1-cp314-cp314-win_amd64.whl", hash = "sha256:c18b569ec5d5e79f2156f0059fdb3ea79976f365d79291252ab6b45d40523c2c"},
    {file = "faiss_cpu-1.15.1-cp314-cp314-win_arm64.whl", hash = "sha256:dc1cd974cd5477ca5d01d9f9ecba6a7fc555b6ef2eda7b16c97e20903431dc6b"},
]

[[package]]
name = "fastapi"
version = "0.142.2"
requires_python = ">=3.10"
summary = "FastAPI framework, high performance, easy to learn, fast to code, ready for production"
groups = ["default"]
marker = "python_version == \"3.14\""
dependencies = [
    "annotated-doc>=0.0.2",
    "opentelemetry-api>=1.44.0",
    "pydantic>=2.9.0",
    "starlette>=0.46.0",
    "typing-extensions>=4.8.0",
    "typing-inspection>=0.4.2",
]
files = [
    {file = "fastapi-0.142.2-py3-none-any.whl", hash = "sha256:bd5f4d81f1e93a88bcd77caf4dfe3c2dbffc3805407a0007e9a114c18b3a670b"},
    {file = "fastapi-0.142.2.tar.gz", hash = "sha256:06366626f2e70576367714d9ab2fe8472e6c8456dba69b399f9f797ab5e92570"},
]

[[package]]
name = "flatbuffers"
version = "25.12.19"
summary = "The FlatBuffers serialization format for Python"
groups = ["default"]
marker = "python_version == \"3.14\""
files = [
    {file = "flatbuffers-25.12.19-py2.py3-none-any.whl", hash = "sha256:7634f50c427838bb021c2d66a3d1168e9d199b0607e6329399f04846d42e20b4"},
]

[[package]]
name = "h11"
version = "0.16.0"
requires_python = ">=3.8"
summary = "A pure-Python, bring-your-own-I/O implementation of HTTP/1.1"
groups = ["default"]
marker = "python_version == \"3.14\""
files = [
    {file = "h11-0.16.0-py3-none-any.whl", hash = "sha256:63cf8bbe7522de3bf65932fda1d9c2772064ffb3dae62d55932da54b31cb6c86"},
    {file = "h11-0.16.0.tar.gz", hash = "sha256:4e35b956cf45792e4caa5885e69fba00bdbc6ffafbfa020300e549b208ee5ff1"},
]

[[package]]
name = "idna"
version = "3.20"
requires_python = ">=3.9"
summary = "Internationalized Domain Names in Applications (IDNA)"
groups = ["default"]
marker = "python_version == \"3.14\""
files = [
    {file = "idna-3.20-py3-none-any.whl", hash = "sha256:ab7ae7122974553370f0bdb919e1a960b2cd1bc1ef0276416d896db81c14582c"},
    {file = "idna-3.20.tar.gz", hash = "sha256:a7db850025b95ded1eae8a46181a1a6c56c92c96f0e2b005d9ff8dc0210cab44"},
]

[[package]]
name = "libzim"
version = "3.13.1"
requires_python = "<3.15,>=3.10"
summary = "A python-facing API for creating and interacting with ZIM files"
groups = ["default"]
marker = "python_version == \"3.14\""
files = [
    {file = "libzim-3.13.1-cp314-cp314-macosx_13_0_arm64.whl", hash = "sha256:cb210fffc7e36d436fa00acd334104463547a48901107a7333041af8ccd6a147"},
    {file = "libzim-3.13.1-cp314-cp314-macosx_13_0_x86_64.whl", hash = "sha256:a44564079576523aa843e24e4874058a9e9cac5e7718f4ff21506873cc74611a"},
    {file = "libzim-3.13.1-cp314-cp314-manylinux_2_27_aarch64.manylinux_2_28_aarch64.whl", hash = "sha256:77864105f08cceaf8ad3c9d7d4a9cc682a33b4962ac0ee1c31976e5330b24dc8"},
    {file = "libzim-3.13.1-cp314-cp314-manylinux_2_27_x86_64.manylinux_2_28_x86_64.whl", hash = "sha256:bc29b54e91690de33706d765605d3ca9a63e066ce70175f51bf1169ba63bef70"},
    {file = "libzim-3.13.1-cp314-cp314-musllinux_1_2_aarch64.whl", hash = "sha256:f5de787e8b6c6c9ac3cde405b7ba65b9efe056dbad095e915d10627da329b061"},
    {file = "libzim-3.13.1-cp314-cp314-musllinux_1_2_x86_64.whl", hash = "sha256:3422fd66f07862883ee16c74f9621fa0b5bb6b46d3bfbc75c55f8636cbc43e2b"},
    {file = "libzim-3.13.1-cp314-cp314-win_amd64.whl", hash = "sha256:cef40e8f75e2ab81d774fb4814dee6102f1584edc3bf90f1d33f0043f6f2dc29"},
    {file = "libzim-3.13.1-cp314-cp314t-macosx_13_0_arm64.whl", hash = "sha256:fad0e7f242e69899c61ea442dacda8dfba153baa45cd62e22494879cf1d18a53"},
    {file = "libzim-3.13.1-cp314-cp314t-macosx_13_0_x86_64.whl", hash = "sha256:998091a942f45e99cfde4f273338c204242b4954b6c71bb5f3ec472921f62b1d"},
    {file = "libzim-3.13.1-cp314-cp314t-manylinux_2_27_aarch64.manylinux_2_28_aarch64.whl", hash = "sha256:5fa8f119b3938440b7836dfb77619d261c06c5ca354e73033e616d1ae849476a"},
    {file = "libzim-3.13.1-cp314-cp314t-manylinux_2_27_x86_64.manylinux_2_28_x86_64.whl", hash = "sha256:15acf962e01415ee540694edf138d0fc63090a4fb0103bb87afa0e20f26273c2"},
    {file = "libzim-3.13.1-cp314-cp314t-musllinux_1_2_aarch64.whl", hash = "sha256:cca9df8db88db520603d7633126b28a1471ea3658af44f8a7a36ab6e930bf1d4"},
    {file = "libzim-3.13.1-cp314-cp314t-musllinux_1_2_x86_64.whl", hash = "sha256:9cf80fa5193ed8e65b46ac2705588cee19f741eb7766ea229c1e0ebb981f496b"},
    {file = "libzim-3.13.1-cp314-cp314t-win_amd64.whl", hash = "sha256:5a92a50253497e947eaa4b827eb50f250de2b4771bf3f9227cc7e8f9598fa203"},
    {file = "libzim-3.13.1.tar.gz", hash = "sha256:46dd80e5dea14f14f5dcea8135989f230e4773a8cb26fd632fb7756c539b6516"},
]

[[package]]
name = "numpy"
version = "2.5.3"
requires_python = ">=3.12"
summary = "Fundamental package for array computing in Python"
groups = ["default"]
marker = "python_version == \"3.14\""
files = [
    {file = "numpy-2.5.3-cp314-cp314-macosx_10_15_x86_64.whl", hash = "sha256:350ba9783ce969cf9f7ce6e6a9a58e1a6e2a19ca025b7ee448c4db727706212a"},
    {file = "numpy-2.5.3-cp314-cp314-macosx_11_0_arm64.whl", hash = "sha256:012e66aca395d795496446e52aeeb5866312a5d4d3f27da270e5a0b43f70dc5c"},
    {file = "numpy-2.5.3-cp314-cp314-macosx_14_0_arm64.whl", hash = "sha256:adc1ada2662f8a5f960b8a10d9986897e7499ef07e06d4cfe7197f8cce923c07"},
    {file = "numpy-2.5.3-cp314-cp314-macosx_14_0_x86_64.whl", hash = "sha256:54a115e5a73b8fc44f0cebef486365a1894b5c9760685d4558b72b7c3eb846e0"},
    {file = "numpy-2.5.3-cp314-cp314-manylinux_2_27_aarch64.manylinux_2_28_aarch64.whl", hash = "sha256:be5a8381859b6da607c84f4f7d6847725f1cf1853ef8a2c9e115b7d58bef47dc"},
    {file = "numpy-2.5.3-cp314-cp314-manylinux_2_27_x86_64.manylinux_2_28_x86_64.whl", hash = "sha256:b0521d0f4aebb6e06189451025fa17a913287b13c03d5fe05c017333b654ea5b"},
    {file = "numpy-2.5.3-cp314-cp314-musllinux_1_2_aarch64.whl", hash = "sha256:9deb49575e5b0b94ed72c8a64ec4d033381adc27e9060ae842971f697ba96104"},
    {file = "numpy-2.5.3-cp314-cp314-musllinux_1_2_x86_64.whl", hash = "sha256:b00eefbcf0f292945c4b4dec2ae845389ef5bcdcd596e6e4328051db5b5ba694"},
    {file = "numpy-2.5.3-cp314-cp314-win32.whl", hash = "sha256:c2381f82999704f818e2c987a865050e285ec3621262c66d40f5a96c8f899f8e"},
    {file = "numpy-2.5.3-cp314-cp314-win_amd64.whl", hash = "sha256:2c25dfa72943e4336ddb6b0ee4277b47a0c85bede0807530ec68103bf58e2c10"},
    {file = "numpy-2.5.3-cp314-cp314-win_arm64.whl", hash = "sha256:15aa985ac73a8db02db7663381aa109510449d3819d37206caed27b33a65a8a6"},
    {file = "numpy-2.5.3-cp314-cp314t-macosx_11_0_arm64.whl", hash = "sha256:ac7bb1c52d445bd4f8f7f97fefe6abc3a084dc4d63df50d79b17fa2b78e89297"},
    {file = "numpy-2.5.3-cp314-cp314t-macosx_14_0_arm64.whl", hash = "sha256:e6ab667ba76450084eb64013762c438ea76d9d29cc676dcd6c2e9892ba37f841"},
    {file = "numpy-2.5.3-cp314-cp314t-macosx_14_0_x86_64.whl", hash = "sha256:f7fabeb6cea87d65f3b926de33d03fb016cfdc29314c90974383b5582ae72891"},
    {file = "numpy-2.5.3-cp314-cp314t-manylinux_2_27_aarch64.manylinux_2_28_aarch64.whl", hash = "sha256:1fb6f8fb9ff0b3a69f52c66ce397b0246583e9f28616231b0e32ca49259a5fa6"},
    {file = "numpy-2.5.3-cp314-cp314t-manylinux_2_27_x86_64.manylinux_2_28_x86_64.whl", hash = "sha256:93e1f5447e2b1e479d7bd74701e84746b86450cff1fc368b132d195e2b8f8211"},
    {file = "numpy-2.5.3-cp314-cp314t-musllinux_1_2_aarch64.whl", hash = "sha256:c00abe94c1a69d75d827dcf1c025b25c8a45d230b3bcd77a9020883a1b047653"},
    {file = "numpy-2.5.3-cp314-cp314t-musllinux_1_2_x86_64.whl", hash = "sha256:536f963710a4e63934d80ac0dc4f478804a83e9a84b6828018f25d09953ada33"},
    {file = "numpy-2.5.3-cp314-cp314t-win32.whl", hash = "sha256:4c8a6d2ebce6305fd82fbefca827775437147052a976ee7c94b36a0c1b52ac6c"},
    {file = "numpy-2.5.3-cp314-cp314t-win_amd64.whl", hash = "sha256:9a37475425b431b4d060f23b4f52cd2f3aef6bc7c654bd760adf0040eec9d435"},
    {file = "numpy-2.5.3-cp314-cp314t-win_arm64.whl", hash = "sha256:2d8240cb4c16fd831074aa2b2cf9fc54664d826341d61c372245b96a74a49a9a"},
    {file = "numpy-2.5.3.tar.gz", hash = "sha256:df2d5874ff183595a4ba404edd04f6bd9b5505c1d7708573f6a6c17489a67563"},
]

[[package]]
name = "onnxruntime"
version = "1.30.0"
requires_python = ">=3.11"
summary = "ONNX Runtime is a runtime accelerator for Machine Learning models"
groups = ["default"]
marker = "python_version == \"3.14\""
dependencies = [
    "flatbuffers",
    "numpy>=1.21.6",
    "packaging",
    "protobuf>=4.25.8",
]
files = [
    {file = "onnxruntime-1.30.0-cp314-cp314-macosx_14_0_arm64.whl", hash = "sha256:8b6169c16a48429890d2f4a0c774ebf54dfe9066a998514aad0518a16d398547"},
    {file = "onnxruntime-1.30.0-cp314-cp314-manylinux_2_28_aarch64.whl", hash = "sha256:d2184fddb6798136e7c478244391ca82443f5c757f59f15bb9e5ad2da5e03175"},
    {file = "onnxruntime-1.30.0-cp314-cp314-manylinux_2_28_x86_64.whl", hash = "sha256:8b611d24db2954545ce6bd9acd4670183cb368e4642450de7a9ab6474eb374ec"},
    {file = "onnxruntime-1.30.0-cp314-cp314-win_amd64.whl", hash = "sha256:3bdd1752a8502ac1a7ccc6e878d16db6943df574d54ed7f01058a6806ae05be4"},
    {file = "onnxruntime-1.30.0-cp314-cp314-win_arm64.whl", hash = "sha256:83d543843cbd352cfa9996a6c7b92f8a480f114a18f95ff2a1acaf6921e85b6d"},
    {file = "onnxruntime-1.30.0-cp314-cp314t-manylinux_2_28_aarch64.whl", hash = "sha256:265de607ba6f9814264e1d5d413fa7069d70f48e3049b5e460b3b04bdfcef294"},
    {file = "onnxruntime-1.30.0-cp314-cp314t-manylinux_2_28_x86_64.whl", hash = "sha256:67ad7f03433b6462c627d0f555dece80e6a26bc71e8542ced35cebd32142d1b7"},
]

[[package]]
name = "opentelemetry-api"
version = "1.45.1"
requires_python = ">=3.10"
summary = "OpenTelemetry Python API"
groups = ["default"]
marker = "python_version == \"3.14\""
dependencies = [
    "typing-extensions>=4.5.0",
]
files = [
    {file = "opentelemetry_api-1.45.1-py3-none-any.whl", hash = "sha256:b31553efa588ae44bc306f863c785c5333a9ecc091248c6ee68b4b6c87fdedfb"},
    {file = "opentelemetry_api-1.45.1.tar.gz", hash = "sha256:aa38ed19bcc084ba42782a73255b3582283eced7ad6dddbd6695189e69adfb75"},
]

[[package]]
name = "packaging"
version = "26.3"
requires_python = ">=3.9"
summary = "Core utilities for Python packages"
groups = ["default"]
marker = "python_version == \"3.14\""
files = [
    {file = "packaging-26.3-py3-none-any.whl", hash = "sha256:d7193f7c8e4e93f444fde0262bf90af30e16fa0ad0ad44cb553c87339b23cd1c"},
    {file = "packaging-26.3.tar.gz", hash = "sha256:94edc256424af38762eb31306eed28beb9f0efc50a8837492c9d6fd6004aed79"},
]

[[package]]
name = "protobuf"
version = "7.36.2"
requires_python = ">=3.10"
summary = ""
groups = ["default"]
marker = "python_version == \"3.14\""
files = [
    {file = "protobuf-7.36.2-cp310-abi3-macosx_10_9_universal2.whl", hash = "sha256:cbc70b17ee27e28894c7fee8bb04be1abead49e936bc70eb60052531eee2079e"},
    {file = "protobuf-7.36.2-cp310-abi3-manylinux2014_aarch64.whl", hash = "sha256:e11e1f0180583a2af89db6a2ecd9e8dc40aa6d2988ca175bfd0e6d12ea72d74e"},
    {file = "protobuf-7.36.2-cp310-abi3-manylinux2014_s390x.whl", hash = "sha256:f4fee11ec330d238b34a05c9b675f693c20415d1c5bd7d5320cc2f8a798eb9cf"},
    {file = "protobuf-7.36.2-cp310-abi3-manylinux2014_x86_64.whl", hash = "sha256:89f23aa53c24553a2416fd4fd1ec06f74fa42b14b546d8883128813f775bbfd2"},
    {file = "protobuf-7.36.2-cp310-abi3-win32.whl", hash = "sha256:912c1221170e16c08d1f086762f563dd61ff83c18b5fa6652952dfaded66f728"},
    {file = "protobuf-7.36.2-cp310-abi3-win_amd64.whl", hash = "sha256:a300819d441e078a5608c0d3c709796bb548136058fda017ae51d425b44fd353"},
    {file = "protobuf-7.36.2-py3-none-any.whl", hash = "sha256:bdb3a345d48db958e6ce1f18e508beb0cc981d64f24088427549c866cd039f1e"},
    {file = "protobuf-7.36.2.tar.gz", hash = "sha256:497d0463ff3316681da6c0b9e8d06cb465d61abce00b613ab42226175644d1bb"},
]

[[package]]
name = "pydantic"
version = "2.13.5"
requires_python = ">=3.9"
summary = "Data validation using Python type hints"
groups = ["default"]
marker = "python_version == \"3.14\""
dependencies = [
    "annotated-types>=0.6.0",
    "pydantic-core==2.46.5",
    "typing-extensions>=4.14.1",
    "typing-inspection>=0.4.2",
]
files = [
    {file = "pydantic-2.13.5-py3-none-any.whl", hash = "sha256:346a034f080da3755d8e9cb5e00e8b07de1d39e4f6e2c87d8ab7cafa0b269a73"},
    {file = "pydantic-2.13.5.tar.gz", hash = "sha256:51a9c5f7b2f8e636f04c6cada605d9b6a3bf1348fdf945a3d8869b19bba0ee08"},
]

[[package]]
name = "pydantic-core"
version = "2.46.5"
requires_python = ">=3.9"
summary = "Core functionality for Pydantic validation and serialization"
groups = ["default"]
marker = "python_version == \"3.14\""
dependencies = [
    "typing-extensions>=4.14.1",
]
files = [
    {file = "pydantic_core-2.46.5-cp314-cp314-macosx_10_12_x86_64.whl", hash = "sha256:c1c43ad4339643d70ebb8124e1305a7dab423001eff58bb41a0f731adbc98355"},
    {file = "pydantic_core-2.46.5-cp314-cp314-macosx_11_0_arm64.whl", hash = "sha256:1a353f84de772f423b5ffb11d7ae352fbbef0f446f3c0b0af0f8236d7233606e"},
    {file = "pydantic_core-2.46.5-cp314-cp314-manylinux_2_17_aarch64.manylinux2014_aarch64.whl", hash = "sha256:5086029a57366b8cf81b130a43908738095c270c21a8d7f0e8bdfdb89718e2f3"},
    {file = "pydantic_core-2.46.5-cp314-cp314-manylinux_2_17_armv7l.manylinux2014_armv7l.whl", hash = "sha256:46c25dda9d092a06c08db76ffe0a197107904d0dfac653f7d5306bbcd6d6119c"},
    {file = "pydantic_core-2.46.5-cp314-cp314-manylinux_2_17_ppc64le.manylinux2014_ppc64le.whl", hash = "sha256:37ea7b83c935e5b0d68c9449b82651accf78a10828b2c02b2f2d9e9496446c21"},
    {file = "pydantic_core-2.46.5-cp314-cp314-manylinux_2_17_s390x.manylinux2014_s390x.whl", hash = "sha256:e64e88d5585bea9ce95861079de72006c7fa6d3df4e3a3b65ba31eb979c15c9f"},
    {file = "pydantic_core-2.46.5-cp314-cp314-manylinux_2_17_x86_64.manylinux2014_x86_64.whl", hash = "sha256:54d510bac3ee52247af28ed4bb18a1e799f040ac60fd2bf5ccd4c92f1fbe786f"},
    {file = "pydantic_core-2.46.5-cp314-cp314-manylinux_2_31_riscv64.whl", hash = "sha256:a2a5e1d0ff29adddc9f6d6821a66302e4493f8ca898b715b6b1182c2c201ea0a"},
    {file = "pydantic_core-2.46.5-cp314-cp314-manylinux_2_5_i686.manylinux1_i686.whl", hash = "sha256:03b9666e41e35d8909852ba191a0607520f81b74eaf12ccf8737005dbb313821"},
    {file = "pydantic_core-2.46.5-cp314-cp314-musllinux_1_1_aarch64.whl", hash = "sha256:a91c17edf6eea2402cb5457b4c89e99bc5ed1004aa34c4adf1d4258c1a5c22c2"},
    {file = "pydantic_core-2.46.5-cp314-cp314-musllinux_1_1_armv7l.whl", hash = "sha256:b49924c73a235e969511bf2aabdff3beebf9820931f646c80274d5d780010c47"},
    {file = "pydantic_core-2.46.5-cp314-cp314-musllinux_1_1_x86_64.whl", hash = "sha256:2cbd9a5eff05e51c447c34dfa4632145b26b09120cf04bd0c871e44c1a5e1c9a"},
    {file = "pydantic_core-2.46.5-cp314-cp314-win32.whl", hash = "sha256:2d5d76654becf5efd62c9e51c3756c67b49498b0c9a40884934c40807adbd074"},
    {file = "pydantic_core-2.46.5-cp314-cp314-win_amd64.whl", hash = "sha256:fa10ef4112775900e7a0661068635eb67b2ab824fbde764de6e0e21982a93db0"},
    {file = "pydantic_core-2.46.5-cp314-cp314-win_arm64.whl", hash = "sha256:045ab3b6d308439e32b81cc173bba5b9018bc6ed896afd0c65b3b009b1699af5"},
    {file = "pydantic_core-2.46.5-cp314-cp314t-macosx_10_12_x86_64.whl", hash = "sha256:8816f3d218beb4b787de5c9759c259b8fa61f9dec42dc7811f320a33771778b7"},
    {file = "pydantic_core-2.46.5-cp314-cp314t-macosx_11_0_arm64.whl", hash = "sha256:bce57638e08ac148e5778cce7feb968307a727d66f8e2274a543d0cf0c9ad6a3"},
    {file = "pydantic_core-2.46.5-cp314-cp314t-manylinux_2_17_aarch64.manylinux2014_aarch64.whl", hash = "sha256:976e1128455aa595ea04c79ccfedff1aaeab96ee013fcc916bed120c4f0ad94f"},
    {file = "pydantic_core-2.46.5-cp314-cp314t-manylinux_2_17_armv7l.manylinux2014_armv7l.whl", hash = "sha256:e7b891faeedeafba41b2983e5001a81b6a915b69544c7e7570d1989ce1c36ac7"},
    {file = "pydantic_core-2.46.5-cp314-cp314t-manylinux_2_17_ppc64le.manylinux2014_ppc64le.whl", hash = "sha256:5f194189415698233dd1114a093a9b56e61e2c57e11b469be3b0506f46f0771c"},
    {file = "pydantic_core-2.46.5-cp314-cp314t-manylinux_2_17_s390x.manylinux2014_s390x.whl", hash = "sha256:82a36973cf8a2ef5406f4fe2edbf8ed0c99629535d959e0b100c76a32535a111"},
    {file = "pydantic_core-2.46.5-cp314-cp314t-manylinux_2_17_x86_64.manylinux2014_x86_64.whl", hash = "sha256:cdbb78909f52b981d3b2d56b97328d71eb0b974c36bd77c920123a7ebb192829"},
    {file = "pydantic_core-2.46.5-cp314-cp314t-manylinux_2_31_riscv64.whl", hash = "sha256:52e24eacdb536cade636aa90fb851835222becff8484b7001fdc78cb0290f2aa"},
    {file = "pydantic_core-2.46.5-cp314-cp314t-manylinux_2_5_i686.manylinux1_i686.whl", hash = "sha256:37ae34309d7bd8c0d61ab839668058f2a7962ea1fc51d105d2db228fe0618034"},
    {file = "pydantic_core-2.46.5-cp314-cp314t-musllinux_1_1_aarch64.whl", hash = "sha256:0cdbada856a1c69a7624a64d3d9aefe79300bd6ef827b43a4f265010b9b55184"},
    {file = "pydantic_core-2.46.5-cp314-cp314t-musllinux_1_1_armv7l.whl", hash = "sha256:545f26c504b27c3758439a5e6d9349931f0a04f855668d5fe323c89e82300a38"},
    {file = "pydantic_core-2.46.5-cp314-cp314t-musllinux_1_1_x86_64.whl", hash = "sha256:ff218293c9c806138dca139765e3b067621be52bcd93cdc14c7711be7ddc90a9"},
    {file = "pydantic_core-2.46.5-cp314-cp314t-win32.whl", hash = "sha256:97cf3eb53a8cccacf9d46686a0926186c9bfb5574f2ed66d3639d5fe117cd3a9"},
    {file = "pydantic_core-2.46.5-cp314-cp314t-win_amd64.whl", hash = "sha256:d2f9fc07a8042a8f95925b35c4f04f469707c981fc33245b6ca187cf5d2dd290"},
    {file = "pydantic_core-2.46.5-cp314-cp314t-win_arm64.whl", hash = "sha256:acf8a67ba51f4ca9ddbd0e6b3000a65ac51ab734661778b3e7ba64d99a710f2f"},
    {file = "pydantic_core-2.46.5.tar.gz", hash = "sha256:10416c15b8839ecc4ef4d0885da76da6fd0f67333a0eb8aff6d93c4b8f2910fc"},
]

[[package]]
name = "pyyaml"
version = "6.0.3"
requires_python = ">=3.8"
summary = "YAML parser and emitter for Python"
groups = ["default"]
marker = "python_version == \"3.14\""
files = [
    {file = "pyyaml-6.0.3-cp314-cp314-macosx_10_13_x86_64.whl", hash = "sha256:8d1fab6bb153a416f9aeb4b8763bc0f22a5586065f86f7664fc23339fc1c1fac"},
    {file = "pyyaml-6.0.3-cp314-cp314-macosx_11_0_arm64.whl", hash = "sha256:34d5fcd24b8445fadc33f9cf348c1047101756fd760b4dacb5c3e99755703310"},
    {file = "pyyaml-6.0.3-cp314-cp314-manylinux2014_aarch64.manylinux_2_17_aarch64.manylinux_2_28_aarch64.whl", hash = "sha256:501a031947e3a9025ed4405a168e6ef5ae3126c59f90ce0cd6f2bfc477be31b7"},
    {file = "pyyaml-6.0.3-cp314-cp314-manylinux2014_s390x.manylinux_2_17_s390x.manylinux_2_28_s390x.whl", hash = "sha256:b3bc83488de33889877a0f2543ade9f70c67d66d9ebb4ac959502e12de895788"},
    {file = "pyyaml-6.0.3-cp314-cp314-manylinux2014_x86_64.manylinux_2_17_x86_64.manylinux_2_28_x86_64.whl", hash = "sha256:c458b6d084f9b935061bc36216e8a69a7e293a2f1e68bf956dcd9e6cbcd143f5"},
    {file = "pyyaml-6.0.3-cp314-cp314-musllinux_1_2_aarch64.whl", hash = "sha256:7c6610def4f163542a622a73fb39f534f8c101d690126992300bf3207eab9764"},
    {file = "pyyaml-6.0.3-cp314-cp314-musllinux_1_2_x86_64.whl", hash = "sha256:5190d403f121660ce8d1d2c1bb2ef1bd05b5f68533fc5c2ea899bd15f4399b35"},
    {file = "pyyaml-6.0.3-cp314-cp314-win_amd64.whl", hash = "sha256:4a2e8cebe2ff6ab7d1050ecd59c25d4c8bd7e6f400f5f82b96557ac0abafd0ac"},
    {file = "pyyaml-6.0.3-cp314-cp314-win_arm64.whl", hash = "sha256:93dda82c9c22deb0a405ea4dc5f2d0cda384168e466364dec6255b293923b2f3"},
    {file = "pyyaml-6.0.3-cp314-cp314t-macosx_10_13_x86_64.whl", hash = "sha256:02893d100e99e03eda1c8fd5c441d8c60103fd175728e23e431db1b589cf5ab3"},
    {file = "pyyaml-6.0.3-cp314-cp314t-macosx_11_0_arm64.whl", hash = "sha256:c1ff362665ae507275af2853520967820d9124984e0f7466736aea23d8611fba"},
    {file = "pyyaml-6.0.3-cp314-cp314t-manylinux2014_aarch64.manylinux_2_17_aarch64.manylinux_2_28_aarch64.whl", hash = "sha256:6adc77889b628398debc7b65c073bcb99c4a0237b248cacaf3fe8a557563ef6c"},
    {file = "pyyaml-6.0.3-cp314-cp314t-manylinux2014_s390x.manylinux_2_17_s390x.manylinux_2_28_s390x.whl", hash = "sha256:a80cb027f6b349846a3bf6d73b5e95e782175e52f22108cfa17876aaeff93702"},
    {file = "pyyaml-6.0.3-cp314-cp314t-manylinux2014_x86_64.manylinux_2_17_x86_64.manylinux_2_28_x86_64.whl", hash = "sha256:00c4bdeba853cc34e7dd471f16b4114f4162dc03e6b7afcc2128711f0eca823c"},
    {file = "pyyaml-6.0.3-cp314-cp314t-musllinux_1_2_aarch64.whl", hash = "sha256:66e1674c3ef6f541c35191caae2d429b967b99e02040f5ba928632d9a7f0f065"},
    {file = "pyyaml-6.0.3-cp314-cp314t-musllinux_1_2_x86_64.whl", hash = "sha256:16249ee61e95f858e83976573de0f5b2893b3677ba71c9dd36b9cf8be9ac6d65"},
    {file = "pyyaml-6.0.3-cp314-cp314t-win_amd64.whl", hash = "sha256:4ad1906908f2f5ae4e5a8ddfce73c320c2a1429ec52eafd27138b7f1cbe341c9"},
    {file = "pyyaml-6.0.3-cp314-cp314t-win_arm64.whl", hash = "sha256:ebc55a14a21cb14062aa4162f906cd962b28e2e9ea38f9b4391244cd8de4ae0b"},
    {file = "pyyaml-6.0.3.tar.gz", hash = "sha256:d76623373421df22fb4cf8817020cbb7ef15c725b9d5e45f17e189bfc384190f"},
]

[[package]]
name = "sentencepiece"
version = "0.2.2"
requires_python = ">=3.9"
summary = "Unsupervised text tokenizer and detokenizer."
groups = ["default"]
marker = "python_version == \"3.14\""
files = [
    {file = "sentencepiece-0.2.2-cp314-cp314-macosx_10_15_universal2.whl", hash = "sha256:c62bd361cec1f5b556eb8210264ecfff37486cd990c3386cc00310f26c54090a"},
    {file = "sentencepiece-0.2.2-cp314-cp314-macosx_10_15_x86_64.whl", hash = "sha256:46ba07b543add034de0ff47ac5f907e9a06682f91d85121a972764628933be6b"},
    {file = "sentencepiece-0.2.2-cp314-cp314-macosx_11_0_arm64.whl", hash = "sha256:79bac5a251f23a7341e28fda9ce0d5319edf45328239ce037c0682936f137906"},
    {file = "sentencepiece-0.2.2-cp314-cp314-manylinux_2_27_aarch64.manylinux_2_28_aarch64.whl", hash = "sha256:1402d8ee36f0d851cea8eee4dbb85fea14643b7503cf4d00d102eec0fe3ca719"},
    {file = "sentencepiece-0.2.2-cp314-cp314-manylinux_2_27_x86_64.manylinux_2_28_x86_64.whl", hash = "sha256:8d44b20234905ff022b7d535f79d1f823ad7670c9851cc4f03cdc34787cdb3ab"},
    {file = "sentencepiece-0.2.2-cp314-cp314-win_amd64.whl", hash = "sha256:63250cfab8b80a1ef82a614eb2b3cadfec2c405f870cedc139d08e2f063eb708"},
    {file = "sentencepiece-0.2.2-cp314-cp314-win_arm64.whl", hash = "sha256:65d84ec36888de4a848eee5f910e67fbc79b064685ef1e10a502e14520ead9c9"},
    {file = "sentencepiece-0.2.2-cp314-cp314t-macosx_10_15_universal2.whl", hash = "sha256:d254c98ca6387655400b3959c33c83efd807f5edeb608e3aca45800ceaa77151"},
    {file = "sentencepiece-0.2.2-cp314-cp314t-macosx_10_15_x86_64.whl", hash = "sha256:3fd9ce2ab4460c713cfdeb4aca693ca6732a11538e05fb332d5af42e3d7fde25"},
    {file = "sentencepiece-0.2.2-cp314-cp314t-macosx_11_0_arm64.whl", hash = "sha256:7fc14c1585139fa6b68775e616a6b90cf622ebf219f9558c0aeaf5d253ee6c9b"},
    {file = "sentencepiece-0.2.2-cp314-cp314t-manylinux_2_27_aarch64.manylinux_2_28_aarch64.whl", hash = "sha256:df88b0c34f2fa909d322f7b06b1398e1e81af4b2f42a7b8e3556f928b25d1811"},
    {file = "sentencepiece-0.2.2-cp314-cp314t-manylinux_2_27_x86_64.manylinux_2_28_x86_64.whl", hash = "sha256:3f5851441ab1ef8634963a5100b733a8bbeefe623e0c5c005b1f1f3880e574cf"},
    {file = "sentencepiece-0.2.2-cp314-cp314t-win_amd64.whl", hash = "sha256:046b15ea22d8042e2e173561d464ec3b64a9c2081324df70ebce7bf7ebb3e497"},
    {file = "sentencepiece-0.2.2-cp314-cp314t-win_arm64.whl", hash = "sha256:fa9f5ef0e2a82233dd0b8b32ea3f5710e0c44afbc07ed3620219f32601e56090"},
    {file = "sentencepiece-0.2.2.tar.gz", hash = "sha256:3d2b5e824b5622038dc7b490897efe05ebbbb9e7350fc142f3ecc8789ef9bdf6"},
]

[[package]]
name = "starlette"
version = "1.7.0"
requires_python = ">=3.10"
summary = "The little ASGI library that shines."
groups = ["default"]
marker = "python_version == \"3.14\""
dependencies = [
    "anyio<5,>=4.0.0",
    "typing-extensions>=4.10.0; python_version < \"3.13\"",
]
files = [
    {file = "starlette-1.7.0-py3-none-any.whl", hash = "sha256:67f8e99895493dd2911a03f11314af6ceebeae4e704bb9f43dfc6a9db151c93e"},
    {file = "starlette-1.7.0.tar.gz", hash = "sha256:c79f74ea63cff761804fbbfb182f1e0b440c2d07b164d24700c5a1bab5d6ff5d"},
]

[[package]]
name = "tqdm"
version = "4.70.1"
requires_python = ">=3.8"
summary = "Fast, Extensible Progress Meter"
groups = ["default"]
marker = "python_version == \"3.14\""
dependencies = [
    "colorama; platform_system == \"Windows\"",
]
files = [
    {file = "tqdm-4.70.1-py3-none-any.whl", hash = "sha256:c293e525e6fef9c20e8728fd4612df02a0aa31bb5fe91ecd93e123b1b7bffa73"},
    {file = "tqdm-4.70.1.tar.gz", hash = "sha256:cefd0eca11b2a37a3aee776544d4f4ae913f02688135b5556b8788dfa474afc4"},
]

[[package]]
name = "typing-extensions"
version = "4.16.0"
requires_python = ">=3.9"
summary = "Backported and Experimental Type Hints for Python 3.9+"
groups = ["default"]
marker = "python_version == \"3.14\""
files = [
    {file = "typing_extensions-4.16.0-py3-none-any.whl", hash = "sha256:481caa481374e813c1b176ada14e97f1f67a4539ce9cfeb3f350d78d6370c2e8"},
    {file = "typing_extensions-4.16.0.tar.gz", hash = "sha256:dc983d19a509c94dba722ee6abd33940f7c05a89e243c47e907eb4db6f1a43e5"},
]

[[package]]
name = "typing-inspection"
version = "0.4.4"
requires_python = ">=3.10"
summary = "Runtime typing introspection tools"
groups = ["default"]
marker = "python_version == \"3.14\""
dependencies = [
    "typing-extensions>=4.15.0",
]
files = [
    {file = "typing_inspection-0.4.4-py3-none-any.whl", hash = "sha256:65b8397ba37ccbce054456aaccddfc91e6e3083c92824df348d96ca832f3f147"},
    {file = "typing_inspection-0.4.4.tar.gz", hash = "sha256:547274fa6b0a561ccf549cc9524b999a578e737d015d8709d021f9d0d13bea47"},
]

[[package]]
name = "uvicorn"
version = "0.54.0"
requires_python = ">=3.10"
summary = "The lightning-fast ASGI server."
groups = ["default"]
marker = "python_version == \"3.14\""
dependencies = [
    "click>=7.0",
    "h11>=0.8",
    "typing-extensions>=4.0; python_version < \"3.11\"",
]
files = [
    {file = "uvicorn-0.54.0-py3-none-any.whl", hash = "sha256:505bdb0f318731d45f1f712071fc781a8981f6847a31c902c9f5e652d4f67faf"},
    {file = "uvicorn-0.54.0.tar.gz", hash = "sha256:a2e33cbfaa0306f8e6b0c13e0cb89d7d7a2da3e62b90c66e18c33d9807b28620"},
]
